// !$*UTF8*$!
{
	archiveVersion = 1;
	classes = {
	};
	objectVersion = 56;
	objects = {

/* Begin PBXBuildFile section */
		72B55ED52BACA2C500AA5831 /* AppDelegate.swift in Sources */ = {isa = PBXBuildFile; fileRef = 72B55ED42BACA2C500AA5831 /* AppDelegate.swift */; };
		72B55ED72BACA2C500AA5831 /* SceneDelegate.swift in Sources */ = {isa = PBXBuildFile; fileRef = 72B55ED62BACA2C500AA5831 /* SceneDelegate.swift */; };
		72B55ED92BACA2C500AA5831 /* ViewController.swift in Sources */ = {isa = PBXBuildFile; fileRef = 72B55ED82BACA2C500AA5831 /* ViewController.swift */; };
		72B55EDC2BACA2C500AA5831 /* Main.storyboard in Resources */ = {isa = PBXBuildFile; fileRef = 72B55EDA2BACA2C500AA5831 /* Main.storyboard */; };
		72B55EDE2BACA2C600AA5831 /* Assets.xcassets in Resources */ = {isa = PBXBuildFile; fileRef = 72B55EDD2BACA2C600AA5831 /* Assets.xcassets */; };
		72B55EE12BACA2C600AA5831 /* LaunchScreen.storyboard in Resources */ = {isa = PBXBuildFile; fileRef = 72B55EDF2BACA2C600AA5831 /* LaunchScreen.storyboard */; };
		72B55EEC2BACA2C600AA5831 /* StarShipsTests.swift in Sources */ = {isa = PBXBuildFile; fileRef = 72B55EEB2BACA2C600AA5831 /* StarShipsTests.swift */; };
		72B55EF62BACA2C600AA5831 /* StarShipsUITests.swift in Sources */ = {isa = PBXBuildFile; fileRef = 72B55EF52BACA2C600AA5831 /* StarShipsUITests.swift */; };
		72B55EF82BACA2C600AA5831 /* StarShipsUITestsLaunchTests.swift in Sources */ = {isa = PBXBuildFile; fileRef = 72B55EF72BACA2C600AA5831 /* StarShipsUITestsLaunchTests.swift */; };
		72B55F072BACA2EE00AA5831 /* Alamofire in Frameworks */ = {isa = PBXBuildFile; productRef = 72B55F062BACA2EE00AA5831 /* Alamofire */; };
		72B55F0A2BACA30800AA5831 /* SnapKit in Frameworks */ = {isa = PBXBuildFile; productRef = 72B55F092BACA30800AA5831 /* SnapKit */; };
		72B55F0C2BACA39E00AA5831 /* StarShips.swift in Sources */ = {isa = PBXBuildFile; fileRef = 72B55F0B2BACA39E00AA5831 /* StarShips.swift */; };
/* End PBXBuildFile section */

/* Begin PBXContainerItemProxy section */
		72B55EE82BACA2C600AA5831 /* PBXContainerItemProxy */ = {
			isa = PBXContainerItemProxy;
			containerPortal = 72B55EC92BACA2C500AA5831 /* Project object */;
			proxyType = 1;
			remoteGlobalIDString = 72B55ED02BACA2C500AA5831;
			remoteInfo = StarShips;
		};
		72B55EF22BACA2C600AA5831 /* PBXContainerItemProxy */ = {
			isa = PBXContainerItemProxy;
			containerPortal = 72B55EC92BACA2C500AA5831 /* Project object */;
			proxyType = 1;
			remoteGlobalIDString = 72B55ED02BACA2C500AA5831;
			remoteInfo = StarShips;
		};
/* End PBXContainerItemProxy section */

/* Begin PBXFileReference section */
		72B55ED12BACA2C500AA5831 /* StarShips.app */ = {isa = PBXFileReference; explicitFileType = wrapper.application; includeInIndex = 0; path = StarShips.app; sourceTree = BUILT_PRODUCTS_DIR; };
		72B55ED42BACA2C500AA5831 /* AppDelegate.swift */ = {isa = PBXFileReference; lastKnownFileType = sourcecode.swift; path = AppDelegate.swift; sourceTree = "<group>"; };
		72B55ED62BACA2C500AA5831 /* SceneDelegate.swift */ = {isa = PBXFileReference; lastKnownFileType = sourcecode.swift; path = SceneDelegate.swift; sourceTree = "<group>"; };
		72B55ED82BACA2C500AA5831 /* ViewController.swift */ = {isa = PBXFileReference; lastKnownFileType = sourcecode.swift; path = ViewController.swift; sourceTree = "<group>"; };
		72B55EDB2BACA2C500AA5831 /* Base */ = {isa = PBXFileReference; lastKnownFileType = file.storyboard; name = Base; path = Base.lproj/Main.storyboard; sourceTree = "<group>"; };
		72B55EDD2BACA2C600AA5831 /* Assets.xcassets */ = {isa = PBXFileReference; lastKnownFileType = folder.assetcatalog; path = Assets.xcassets; sourceTree = "<group>"; };
		72B55EE02BACA2C600AA5831 /* Base */ = {isa = PBXFileReference; lastKnownFileType = file.storyboard; name = Base; path = Base.lproj/LaunchScreen.storyboard; sourceTree = "<group>"; };
		72B55EE22BACA2C600AA5831 /* Info.plist */ = {isa = PBXFileReference; lastKnownFileType = text.plist.xml; path = Info.plist; sourceTree = "<group>"; };
		72B55EE72BACA2C600AA5831 /* StarShipsTests.xctest */ = {isa = PBXFileReference; explicitFileType = wrapper.cfbundle; includeInIndex = 0; path = StarShipsTests.xctest; sourceTree = BUILT_PRODUCTS_DIR; };
		72B55EEB2BACA2C600AA5831 /* StarShipsTests.swift */ = {isa = PBXFileReference; lastKnownFileType = sourcecode.swift; path = StarShipsTests.swift; sourceTree = "<group>"; };
		72B55EF12BACA2C600AA5831 /* StarShipsUITests.xctest */ = {isa = PBXFileReference; explicitFileType = wrapper.cfbundle; includeInIndex = 0; path = StarShipsUITests.xctest; sourceTree = BUILT_PRODUCTS_DIR; };
		72B55EF52BACA2C600AA5831 /* StarShipsUITests.swift */ = {isa = PBXFileReference; lastKnownFileType = sourcecode.swift; path = StarShipsUITests.swift; sourceTree = "<group>"; };
		72B55EF72BACA2C600AA5831 /* StarShipsUITestsLaunchTests.swift */ = {isa = PBXFileReference; lastKnownFileType = sourcecode.swift; path = StarShipsUITestsLaunchTests.swift; sourceTree = "<group>"; };
		72B55F0B2BACA39E00AA5831 /* StarShips.swift */ = {isa = PBXFileReference; lastKnownFileType = sourcecode.swift; path = StarShips.swift; sourceTree = "<group>"; };
/* End PBXFileReference section */

/* Begin PBXFrameworksBuildPhase section */
		72B55ECE2BACA2C500AA5831 /* Frameworks */ = {
			isa = PBXFrameworksBuildPhase;
			buildActionMask = 2147483647;
			files = (
				72B55F072BACA2EE00AA5831 /* Alamofire in Frameworks */,
				72B55F0A2BACA30800AA5831 /* SnapKit in Frameworks */,
			);
			runOnlyForDeploymentPostprocessing = 0;
		};
		72B55EE42BACA2C600AA5831 /* Frameworks */ = {
			isa = PBXFrameworksBuildPhase;
			buildActionMask = 2147483647;
			files = (
			);
			runOnlyForDeploymentPostprocessing = 0;
		};
		72B55EEE2BACA2C600AA5831 /* Frameworks */ = {
			isa = PBXFrameworksBuildPhase;
			buildActionMask = 2147483647;
			files = (
			);
			runOnlyForDeploymentPostprocessing = 0;
		};
/* End PBXFrameworksBuildPhase section */

/* Begin PBXGroup section */
		72B55EC82BACA2C500AA5831 = {
			isa = PBXGroup;
			children = (
				72B55ED32BACA2C500AA5831 /* StarShips */,
				72B55EEA2BACA2C600AA5831 /* StarShipsTests */,
				72B55EF42BACA2C600AA5831 /* StarShipsUITests */,
				72B55ED22BACA2C500AA5831 /* Products */,
				72B55F052BACA2EE00AA5831 /* Frameworks */,
			);
			sourceTree = "<group>";
		};
		72B55ED22BACA2C500AA5831 /* Products */ = {
			isa = PBXGroup;
			children = (
				72B55ED12BACA2C500AA5831 /* StarShips.app */,
				72B55EE72BACA2C600AA5831 /* StarShipsTests.xctest */,
				72B55EF12BACA2C600AA5831 /* StarShipsUITests.xctest */,
			);
			name = Products;
			sourceTree = "<group>";
		};
		72B55ED32BACA2C500AA5831 /* StarShips */ = {
			isa = PBXGroup;
			children = (
				72B55ED42BACA2C500AA5831 /* AppDelegate.swift */,
				72B55F0B2BACA39E00AA5831 /* StarShips.swift */,
				72B55ED62BACA2C500AA5831 /* SceneDelegate.swift */,
				72B55ED82BACA2C500AA5831 /* ViewController.swift */,
				72B55EDA2BACA2C500AA5831 /* Main.storyboard */,
				72B55EDD2BACA2C600AA5831 /* Assets.xcassets */,
				72B55EDF2BACA2C600AA5831 /* LaunchScreen.storyboard */,
				72B55EE22BACA2C600AA5831 /* Info.plist */,
			);
			path = StarShips;
			sourceTree = "<group>";
		};
		72B55EEA2BACA2C600AA5831 /* StarShipsTests */ = {
			isa = PBXGroup;
			children = (
				72B55EEB2BACA2C600AA5831 /* StarShipsTests.swift */,
			);
			path = StarShipsTests;
			sourceTree = "<group>";
		};
		72B55EF42BACA2C600AA5831 /* StarShipsUITests */ = {
			isa = PBXGroup;
			children = (
				72B55EF52BACA2C600AA5831 /* StarShipsUITests.swift */,
				72B55EF72BACA2C600AA5831 /* StarShipsUITestsLaunchTests.swift */,
			);
			path = StarShipsUITests;
			sourceTree = "<group>";
		};
		72B55F052BACA2EE00AA5831 /* Frameworks */ = {
			isa = PBXGroup;
			children = (
			);
			name = Frameworks;
			sourceTree = "<group>";
		};
/* End PBXGroup section */

/* Begin PBXNativeTarget section */
		72B55ED02BACA2C500AA5831 /* StarShips */ = {
			isa = PBXNativeTarget;
			buildConfigurationList = 72B55EFB2BACA2C600AA5831 /* Build configuration list for PBXNativeTarget "StarShips" */;
			buildPhases = (
				72B55ECD2BACA2C500AA5831 /* Sources */,
				72B55ECE2BACA2C500AA5831 /* Frameworks */,
				72B55ECF2BACA2C500AA5831 /* Resources */,
			);
			buildRules = (
			);
			dependencies = (
			);
			name = StarShips;
			packageProductDependencies = (
				72B55F062BACA2EE00AA5831 /* Alamofire */,
				72B55F092BACA30800AA5831 /* SnapKit */,
			);
			productName = StarShips;
			productReference = 72B55ED12BACA2C500AA5831 /* StarShips.app */;
			productType = "com.apple.product-type.application";
		};
		72B55EE62BACA2C600AA5831 /* StarShipsTests */ = {
			isa = PBXNativeTarget;
			buildConfigurationList = 72B55EFE2BACA2C600AA5831 /* Build configuration list for PBXNativeTarget "StarShipsTests" */;
			buildPhases = (
				72B55EE32BACA2C600AA5831 /* Sources */,
				72B55EE42BACA2C600AA5831 /* Frameworks */,
				72B55EE52BACA2C600AA5831 /* Resources */,
			);
			buildRules = (
			);
			dependencies = (
				72B55EE92BACA2C600AA5831 /* PBXTargetDependency */,
			);
			name = StarShipsTests;
			productName = StarShipsTests;
			productReference = 72B55EE72BACA2C600AA5831 /* StarShipsTests.xctest */;
			productType = "com.apple.product-type.bundle.unit-test";
		};
		72B55EF02BACA2C600AA5831 /* StarShipsUITests */ = {
			isa = PBXNativeTarget;
			buildConfigurationList = 72B55F012BACA2C600AA5831 /* Build configuration list for PBXNativeTarget "StarShipsUITests" */;
			buildPhases = (
				72B55EED2BACA2C600AA5831 /* Sources */,
				72B55EEE2BACA2C600AA5831 /* Frameworks */,
				72B55EEF2BACA2C600AA5831 /* Resources */,
			);
			buildRules = (
			);
			dependencies = (
				72B55EF32BACA2C600AA5831 /* PBXTargetDependency */,
			);
			name = StarShipsUITests;
			productName = StarShipsUITests;
			productReference = 72B55EF12BACA2C600AA5831 /* StarShipsUITests.xctest */;
			productType = "com.apple.product-type.bundle.ui-testing";
		};
/* End PBXNativeTarget section */

/* Begin PBXProject section */
		72B55EC92BACA2C500AA5831 /* Project object */ = {
			isa = PBXProject;
			attributes = {
				BuildIndependentTargetsInParallel = 1;
				LastSwiftUpdateCheck = 1520;
				LastUpgradeCheck = 1520;
				TargetAttributes = {
					72B55ED02BACA2C500AA5831 = {
						CreatedOnToolsVersion = 15.2;
					};
					72B55EE62BACA2C600AA5831 = {
						CreatedOnToolsVersion = 15.2;
						TestTargetID = 72B55ED02BACA2C500AA5831;
					};
					72B55EF02BACA2C600AA5831 = {
						CreatedOnToolsVersion = 15.2;
						TestTargetID = 72B55ED02BACA2C500AA5831;
					};
				};
			};
			buildConfigurationList = 72B55ECC2BACA2C500AA5831 /* Build configuration list for PBXProject "StarShips" */;
			compatibilityVersion = "Xcode 14.0";
			developmentRegion = en;
			hasScannedForEncodings = 0;
			knownRegions = (
				en,
				Base,
			);
			mainGroup = 72B55EC82BACA2C500AA5831;
			packageReferences = (
				72B55F042BACA2E700AA5831 /* XCRemoteSwiftPackageReference "Alamofire" */,
				72B55F082BACA2FE00AA5831 /* XCRemoteSwiftPackageReference "SnapKit" */,
			);
			productRefGroup = 72B55ED22BACA2C500AA5831 /* Products */;
			projectDirPath = "";
			projectRoot = "";
			targets = (
				72B55ED02BACA2C500AA5831 /* StarShips */,
				72B55EE62BACA2C600AA5831 /* StarShipsTests */,
				72B55EF02BACA2C600AA5831 /* StarShipsUITests */,
			);
		};
/* End PBXProject section */

/* Begin PBXResourcesBuildPhase section */
		72B55ECF2BACA2C500AA5831 /* Resources */ = {
			isa = PBXResourcesBuildPhase;
			buildActionMask = 2147483647;
			files = (
				72B55EE12BACA2C600AA5831 /* LaunchScreen.storyboard in Resources */,
				72B55EDE2BACA2C600AA5831 /* Assets.xcassets in Resources */,
				72B55EDC2BACA2C500AA5831 /* Main.storyboard in Resources */,
			);
			runOnlyForDeploymentPostprocessing = 0;
		};
		72B55EE52BACA2C600AA5831 /* Resources */ = {
			isa = PBXResourcesBuildPhase;
			buildActionMask = 2147483647;
			files = (
			);
			runOnlyForDeploymentPostprocessing = 0;
		};
		72B55EEF2BACA2C600AA5831 /* Resources */ = {
			isa = PBXResourcesBuildPhase;
			buildActionMask = 2147483647;
			files = (
			);
			runOnlyForDeploymentPostprocessing = 0;
		};
/* End PBXResourcesBuildPhase section */

/* Begin PBXSourcesBuildPhase section */
		72B55ECD2BACA2C500AA5831 /* Sources */ = {
			isa = PBXSourcesBuildPhase;
			buildActionMask = 2147483647;
			files = (
				72B55ED92BACA2C500AA5831 /* ViewController.swift in Sources */,
				72B55ED52BACA2C500AA5831 /* AppDelegate.swift in Sources */,
				72B55ED72BACA2C500AA5831 /* SceneDelegate.swift in Sources */,
				72B55F0C2BACA39E00AA5831 /* StarShips.swift in Sources */,
			);
			runOnlyForDeploymentPostprocessing = 0;
		};
		72B55EE32BACA2C600AA5831 /* Sources */ = {
			isa = PBXSourcesBuildPhase;
			buildActionMask = 2147483647;
			files = (
				72B55EEC2BACA2C600AA5831 /* StarShipsTests.swift in Sources */,
			);
			runOnlyForDeploymentPostprocessing = 0;
		};
		72B55EED2BACA2C600AA5831 /* Sources */ = {
			isa = PBXSourcesBuildPhase;
			buildActionMask = 2147483647;
			files = (
				72B55EF82BACA2C600AA5831 /* StarShipsUITestsLaunchTests.swift in Sources */,
				72B55EF62BACA2C600AA5831 /* StarShipsUITests.swift in Sources */,
			);
			runOnlyForDeploymentPostprocessing = 0;
		};
/* End PBXSourcesBuildPhase section */

/* Begin PBXTargetDependency section */
		72B55EE92BACA2C600AA5831 /* PBXTargetDependency */ = {
			isa = PBXTargetDependency;
			target = 72B55ED02BACA2C500AA5831 /* StarShips */;
			targetProxy = 72B55EE82BACA2C600AA5831 /* PBXContainerItemProxy */;
		};
		72B55EF32BACA2C600AA5831 /* PBXTargetDependency */ = {
			isa = PBXTargetDependency;
			target = 72B55ED02BACA2C500AA5831 /* StarShips */;
			targetProxy = 72B55EF22BACA2C600AA5831 /* PBXContainerItemProxy */;
		};
/* End PBXTargetDependency section */

/* Begin PBXVariantGroup section */
		72B55EDA2BACA2C500AA5831 /* Main.storyboard */ = {
			isa = PBXVariantGroup;
			children = (
				72B55EDB2BACA2C500AA5831 /* Base */,
			);
			name = Main.storyboard;
			sourceTree = "<group>";
		};
		72B55EDF2BACA2C600AA5831 /* LaunchScreen.storyboard */ = {
			isa = PBXVariantGroup;
			children = (
				72B55EE02BACA2C600AA5831 /* Base */,
			);
			name = LaunchScreen.storyboard;
			sourceTree = "<group>";
		};
/* End PBXVariantGroup section */

/* Begin XCBuildConfiguration section */
		72B55EF92BACA2C600AA5831 /* Debug */ = {
			isa = XCBuildConfiguration;
			buildSettings = {
				ALWAYS_SEARCH_USER_PATHS = NO;
				ASSETCATALOG_COMPILER_GENERATE_SWIFT_ASSET_SYMBOL_EXTENSIONS = YES;
				CLANG_ANALYZER_NONNULL = YES;
				CLANG_ANALYZER_NUMBER_OBJECT_CONVERSION = YES_AGGRESSIVE;
				CLANG_CXX_LANGUAGE_STANDARD = "gnu++20";
				CLANG_ENABLE_MODULES = YES;
				CLANG_ENABLE_OBJC_ARC = YES;
				CLANG_ENABLE_OBJC_WEAK = YES;
				CLANG_WARN_BLOCK_CAPTURE_AUTORELEASING = YES;
				CLANG_WARN_BOOL_CONVERSION = YES;
				CLANG_WARN_COMMA = YES;
				CLANG_WARN_CONSTANT_CONVERSION = YES;
				CLANG_WARN_DEPRECATED_OBJC_IMPLEMENTATIONS = YES;
				CLANG_WARN_DIRECT_OBJC_ISA_USAGE = YES_ERROR;
				CLANG_WARN_DOCUMENTATION_COMMENTS = YES;
				CLANG_WARN_EMPTY_BODY = YES;
				CLANG_WARN_ENUM_CONVERSION = YES;
				CLANG_WARN_INFINITE_RECURSION = YES;
				CLANG_WARN_INT_CONVERSION = YES;
				CLANG_WARN_NON_LITERAL_NULL_CONVERSION = YES;
				CLANG_WARN_OBJC_IMPLICIT_RETAIN_SELF = YES;
				CLANG_WARN_OBJC_LITERAL_CONVERSION = YES;
				CLANG_WARN_OBJC_ROOT_CLASS = YES_ERROR;
				CLANG_WARN_QUOTED_INCLUDE_IN_FRAMEWORK_HEADER = YES;
				CLANG_WARN_RANGE_LOOP_ANALYSIS = YES;
				CLANG_WARN_STRICT_PROTOTYPES = YES;
				CLANG_WARN_SUSPICIOUS_MOVE = YES;
				CLANG_WARN_UNGUARDED_AVAILABILITY = YES_AGGRESSIVE;
				CLANG_WARN_UNREACHABLE_CODE = YES;
				CLANG_WARN__DUPLICATE_METHOD_MATCH = YES;
				COPY_PHASE_STRIP = NO;
				DEBUG_INFORMATION_FORMAT = dwarf;
				ENABLE_STRICT_OBJC_MSGSEND = YES;
				ENABLE_TESTABILITY = YES;
				ENABLE_USER_SCRIPT_SANDBOXING = YES;
				GCC_C_LANGUAGE_STANDARD = gnu17;
				GCC_DYNAMIC_NO_PIC = NO;
				GCC_NO_COMMON_BLOCKS = YES;
				GCC_OPTIMIZATION_LEVEL = 0;
				GCC_PREPROCESSOR_DEFINITIONS = (
					"DEBUG=1",
					"$(inherited)",
				);
				GCC_WARN_64_TO_32_BIT_CONVERSION = YES;
				GCC_WARN_ABOUT_RETURN_TYPE = YES_ERROR;
				GCC_WARN_UNDECLARED_SELECTOR = YES;
				GCC_WARN_UNINITIALIZED_AUTOS = YES_AGGRESSIVE;
				GCC_WARN_UNUSED_FUNCTION = YES;
				GCC_WARN_UNUSED_VARIABLE = YES;
				IPHONEOS_DEPLOYMENT_TARGET = 17.2;
				LOCALIZATION_PREFERS_STRING_CATALOGS = YES;
				MTL_ENABLE_DEBUG_INFO = INCLUDE_SOURCE;
				MTL_FAST_MATH = YES;
				ONLY_ACTIVE_ARCH = YES;
				SDKROOT = iphoneos;
				SWIFT_ACTIVE_COMPILATION_CONDITIONS = "DEBUG $(inherited)";
				SWIFT_OPTIMIZATION_LEVEL = "-Onone";
			};
			name = Debug;
		};
		72B55EFA2BACA2C600AA5831 /* Release */ = {
			isa = XCBuildConfiguration;
			buildSettings = {
				ALWAYS_SEARCH_USER_PATHS = NO;
				ASSETCATALOG_COMPILER_GENERATE_SWIFT_ASSET_SYMBOL_EXTENSIONS = YES;
				CLANG_ANALYZER_NONNULL = YES;
				CLANG_ANALYZER_NUMBER_OBJECT_CONVERSION = YES_AGGRESSIVE;
				CLANG_CXX_LANGUAGE_STANDARD = "gnu++20";
				CLANG_ENABLE_MODULES = YES;
				CLANG_ENABLE_OBJC_ARC = YES;
				CLANG_ENABLE_OBJC_WEAK = YES;
				CLANG_WARN_BLOCK_CAPTURE_AUTORELEASING = YES;
				CLANG_WARN_BOOL_CONVERSION = YES;
				CLANG_WARN_COMMA = YES;
				CLANG_WARN_CONSTANT_CONVERSION = YES;
				CLANG_WARN_DEPRECATED_OBJC_IMPLEMENTATIONS = YES;
				CLANG_WARN_DIRECT_OBJC_ISA_USAGE = YES_ERROR;
				CLANG_WARN_DOCUMENTATION_COMMENTS = YES;
				CLANG_WARN_EMPTY_BODY = YES;
				CLANG_WARN_ENUM_CONVERSION = YES;
				CLANG_WARN_INFINITE_RECURSION = YES;
				CLANG_WARN_INT_CONVERSION = YES;
				CLANG_WARN_NON_LITERAL_NULL_CONVERSION = YES;
				CLANG_WARN_OBJC_IMPLICIT_RETAIN_SELF = YES;
				CLANG_WARN_OBJC_LITERAL_CONVERSION = YES;
				CLANG_WARN_OBJC_ROOT_CLASS = YES_ERROR;
				CLANG_WARN_QUOTED_INCLUDE_IN_FRAMEWORK_HEADER = YES;
				CLANG_WARN_RANGE_LOOP_ANALYSIS = YES;
				CLANG_WARN_STRICT_PROTOTYPES = YES;
				CLANG_WARN_SUSPICIOUS_MOVE = YES;
				CLANG_WARN_UNGUARDED_AVAILABILITY = YES_AGGRESSIVE;
				CLANG_WARN_UNREACHABLE_CODE = YES;
				CLANG_WARN__DUPLICATE_METHOD_MATCH = YES;
				COPY_PHASE_STRIP = NO;
				DEBUG_INFORMATION_FORMAT = "dwarf-with-dsym";
				ENABLE_NS_ASSERTIONS = NO;
				ENABLE_STRICT_OBJC_MSGSEND = YES;
				ENABLE_USER_SCRIPT_SANDBOXING = YES;
				GCC_C_LANGUAGE_STANDARD = gnu17;
				GCC_NO_COMMON_BLOCKS = YES;
				GCC_WARN_64_TO_32_BIT_CONVERSION = YES;
				GCC_WARN_ABOUT_RETURN_TYPE = YES_ERROR;
				GCC_WARN_UNDECLARED_SELECTOR = YES;
				GCC_WARN_UNINITIALIZED_AUTOS = YES_AGGRESSIVE;
				GCC_WARN_UNUSED_FUNCTION = YES;
				GCC_WARN_UNUSED_VARIABLE = YES;
				IPHONEOS_DEPLOYMENT_TARGET = 17.2;
				LOCALIZATION_PREFERS_STRING_CATALOGS = YES;
				MTL_ENABLE_DEBUG_INFO = NO;
				MTL_FAST_MATH = YES;
				SDKROOT = iphoneos;
				SWIFT_COMPILATION_MODE = wholemodule;
				VALIDATE_PRODUCT = YES;
			};
			name = Release;
		};
		72B55EFC2BACA2C600AA5831 /* Debug */ = {
			isa = XCBuildConfiguration;
			buildSettings = {
				ASSETCATALOG_COMPILER_APPICON_NAME = AppIcon;
				ASSETCATALOG_COMPILER_GLOBAL_ACCENT_COLOR_NAME = AccentColor;
				CODE_SIGN_STYLE = Automatic;
				CURRENT_PROJECT_VERSION = 1;
				GENERATE_INFOPLIST_FILE = YES;
				INFOPLIST_FILE = StarShips/Info.plist;
				INFOPLIST_KEY_UIApplicationSupportsIndirectInputEvents = YES;
				INFOPLIST_KEY_UILaunchStoryboardName = LaunchScreen;
				INFOPLIST_KEY_UISupportedInterfaceOrientations_iPad = "UIInterfaceOrientationPortrait UIInterfaceOrientationPortraitUpsideDown UIInterfaceOrientationLandscapeLeft UIInterfaceOrientationLandscapeRight";
				INFOPLIST_KEY_UISupportedInterfaceOrientations_iPhone = "UIInterfaceOrientationPortrait UIInterfaceOrientationLandscapeLeft UIInterfaceOrientationLandscapeRight";
				LD_RUNPATH_SEARCH_PATHS = (
					"$(inherited)",
					"@executable_path/Frameworks",
				);
				MARKETING_VERSION = 1.0;
				PRODUCT_BUNDLE_IDENTIFIER = ok.StarShips;
				PRODUCT_NAME = "$(TARGET_NAME)";
				SWIFT_EMIT_LOC_STRINGS = YES;
				SWIFT_VERSION = 5.0;
				TARGETED_DEVICE_FAMILY = "1,2";
			};
			name = Debug;
		};
		72B55EFD2BACA2C600AA5831 /* Release */ = {
			isa = XCBuildConfiguration;
			buildSettings = {
				ASSETCATALOG_COMPILER_APPICON_NAME = AppIcon;
				ASSETCATALOG_COMPILER_GLOBAL_ACCENT_COLOR_NAME = AccentColor;
				CODE_SIGN_STYLE = Automatic;
				CURRENT_PROJECT_VERSION = 1;
				GENERATE_INFOPLIST_FILE = YES;
				INFOPLIST_FILE = StarShips/Info.plist;
				INFOPLIST_KEY_UIApplicationSupportsIndirectInputEvents = YES;
				INFOPLIST_KEY_UILaunchStoryboardName = LaunchScreen;
				INFOPLIST_KEY_UISupportedInterfaceOrientations_iPad = "UIInterfaceOrientationPortrait UIInterfaceOrientationPortraitUpsideDown UIInterfaceOrientationLandscapeLeft UIInterfaceOrientationLandscapeRight";
				INFOPLIST_KEY_UISupportedInterfaceOrientations_iPhone = "UIInterfaceOrientationPortrait UIInterfaceOrientationLandscapeLeft UIInterfaceOrientationLandscapeRight";
				LD_RUNPATH_SEARCH_PATHS = (
					"$(inherited)",
					"@executable_path/Frameworks",
				);
				MARKETING_VERSION = 1.0;
				PRODUCT_BUNDLE_IDENTIFIER = ok.StarShips;
				PRODUCT_NAME = "$(TARGET_NAME)";
				SWIFT_EMIT_LOC_STRINGS = YES;
				SWIFT_VERSION = 5.0;
				TARGETED_DEVICE_FAMILY = "1,2";
			};
			name = Release;
		};
		72B55EFF2BACA2C600AA5831 /* Debug */ = {
			isa = XCBuildConfiguration;
			buildSettings = {
				ALWAYS_EMBED_SWIFT_STANDARD_LIBRARIES = YES;
				BUNDLE_LOADER = "$(TEST_HOST)";
				CODE_SIGN_STYLE = Automatic;
				CURRENT_PROJECT_VERSION = 1;
				GENERATE_INFOPLIST_FILE = YES;
				IPHONEOS_DEPLOYMENT_TARGET = 17.2;
				MARKETING_VERSION = 1.0;
				PRODUCT_BUNDLE_IDENTIFIER = ok.StarShipsTests;
				PRODUCT_NAME = "$(TARGET_NAME)";
				SWIFT_EMIT_LOC_STRINGS = NO;
				SWIFT_VERSION = 5.0;
				TARGETED_DEVICE_FAMILY = "1,2";
				TEST_HOST = "$(BUILT_PRODUCTS_DIR)/StarShips.app/$(BUNDLE_EXECUTABLE_FOLDER_PATH)/StarShips";
			};
			name = Debug;
		};
		72B55F002BACA2C600AA5831 /* Release */ = {
			isa = XCBuildConfiguration;
			buildSettings = {
				ALWAYS_EMBED_SWIFT_STANDARD_LIBRARIES = YES;
				BUNDLE_LOADER = "$(TEST_HOST)";
				CODE_SIGN_STYLE = Automatic;
				CURRENT_PROJECT_VERSION = 1;
				GENERATE_INFOPLIST_FILE = YES;
				IPHONEOS_DEPLOYMENT_TARGET = 17.2;
				MARKETING_VERSION = 1.0;
				PRODUCT_BUNDLE_IDENTIFIER = ok.StarShipsTests;
				PRODUCT_NAME = "$(TARGET_NAME)";
				SWIFT_EMIT_LOC_STRINGS = NO;
				SWIFT_VERSION = 5.0;
				TARGETED_DEVICE_FAMILY = "1,2";
				TEST_HOST = "$(BUILT_PRODUCTS_DIR)/StarShips.app/$(BUNDLE_EXECUTABLE_FOLDER_PATH)/StarShips";
			};
			name = Release;
		};
		72B55F022BACA2C600AA5831 /* Debug */ = {
			isa = XCBuildConfiguration;
			buildSettings = {
				ALWAYS_EMBED_SWIFT_STANDARD_LIBRARIES = YES;
				CODE_SIGN_STYLE = Automatic;
				CURRENT_PROJECT_VERSION = 1;
				GENERATE_INFOPLIST_FILE = YES;
				MARKETING_VERSION = 1.0;
				PRODUCT_BUNDLE_IDENTIFIER = ok.StarShipsUITests;
				PRODUCT_NAME = "$(TARGET_NAME)";
				SWIFT_EMIT_LOC_STRINGS = NO;
				SWIFT_VERSION = 5.0;
				TARGETED_DEVICE_FAMILY = "1,2";
				TEST_TARGET_NAME = StarShips;
			};
			name = Debug;
		};
		72B55F032BACA2C600AA5831 /* Release */ = {
			isa = XCBuildConfiguration;
			buildSettings = {
				ALWAYS_EMBED_SWIFT_STANDARD_LIBRARIES = YES;
				CODE_SIGN_STYLE = Automatic;
				CURRENT_PROJECT_VERSION = 1;
				GENERATE_INFOPLIST_FILE = YES;
				MARKETING_VERSION = 1.0;
				PRODUCT_BUNDLE_IDENTIFIER = ok.StarShipsUITests;
				PRODUCT_NAME = "$(TARGET_NAME)";
				SWIFT_EMIT_LOC_STRINGS = NO;
				SWIFT_VERSION = 5.0;
				TARGETED_DEVICE_FAMILY = "1,2";
				TEST_TARGET_NAME = StarShips;
			};
			name = Release;
		};
/* End XCBuildConfiguration section */

/* Begin XCConfigurationList section */
		72B55ECC2BACA2C500AA5831 /* Build configuration list for PBXProject "StarShips" */ = {
			isa = XCConfigurationList;
			buildConfigurations = (
				72B55EF92BACA2C600AA5831 /* Debug */,
				72B55EFA2BACA2C600AA5831 /* Release */,
			);
			defaultConfigurationIsVisible = 0;
			defaultConfigurationName = Release;
		};
		72B55EFB2BACA2C600AA5831 /* Build configuration list for PBXNativeTarget "StarShips" */ = {
			isa = XCConfigurationList;
			buildConfigurations = (
				72B55EFC2BACA2C600AA5831 /* Debug */,
				72B55EFD2BACA2C600AA5831 /* Release */,
			);
			defaultConfigurationIsVisible = 0;
			defaultConfigurationName = Release;
		};
		72B55EFE2BACA2C600AA5831 /* Build configuration list for PBXNativeTarget "StarShipsTests" */ = {
			isa = XCConfigurationList;
			buildConfigurations = (
				72B55EFF2BACA2C600AA5831 /* Debug */,
				72B55F002BACA2C600AA5831 /* Release */,
			);
			defaultConfigurationIsVisible = 0;
			defaultConfigurationName = Release;
		};
		72B55F012BACA2C600AA5831 /* Build configuration list for PBXNativeTarget "StarShipsUITests" */ = {
			isa = XCConfigurationList;
			buildConfigurations = (
				72B55F022BACA2C600AA5831 /* Debug */,
				72B55F032BACA2C600AA5831 /* Release */,
			);
			defaultConfigurationIsVisible = 0;
			defaultConfigurationName = Release;
		};
/* End XCConfigurationList section */

/* Begin XCRemoteSwiftPackageReference section */
		72B55F042BACA2E700AA5831 /* XCRemoteSwiftPackageReference "Alamofire" */ = {
			isa = XCRemoteSwiftPackageReference;
			repositoryURL = "https://github.com/Alamofire/Alamofire.git";
			requirement = {
				kind = upToNextMajorVersion;
				minimumVersion = 5.9.0;
			};
		};
		72B55F082BACA2FE00AA5831 /* XCRemoteSwiftPackageReference "SnapKit" */ = {
			isa = XCRemoteSwiftPackageReference;
			repositoryURL = "https://github.com/SnapKit/SnapKit.git";
			requirement = {
				kind = upToNextMajorVersion;
				minimumVersion = 5.7.1;
			};
		};
/* End XCRemoteSwiftPackageReference section */

/* Begin XCSwiftPackageProductDependency section */
		72B55F062BACA2EE00AA5831 /* Alamofire */ = {
			isa = XCSwiftPackageProductDependency;
			package = 72B55F042BACA2E700AA5831 /* XCRemoteSwiftPackageReference "Alamofire" */;
			productName = Alamofire;
		};
		72B55F092BACA30800AA5831 /* SnapKit */ = {
			isa = XCSwiftPackageProductDependency;
			package = 72B55F082BACA2FE00AA5831 /* XCRemoteSwiftPackageReference "SnapKit" */;
			productName = SnapKit;
		};
/* End XCSwiftPackageProductDependency section */
	};
	rootObject = 72B55EC92BACA2C500AA5831 /* Project object */;
}
